
Microsoft Visual Studio Solution File, Format Version 12.00
# Visual Studio Version 17
VisualStudioVersion = 17.14.36221.1 d17.14
MinimumVisualStudioVersion = 10.0.40219.1
Project("{FAE04EC0-301F-11D3-BF4B-00C04F79EFBC}") = "F1ApiBase", "F1ApiBase.csproj", "{C0D3EBFE-6242-FB22-669A-8F5D697B5C96}"
EndProject
Global
	GlobalSection(SolutionConfigurationPlatforms) = preSolution
		Debug|Any CPU = Debug|Any CPU
		Release|Any CPU = Release|Any CPU
	EndGlobalSection
	GlobalSection(ProjectConfigurationPlatforms) = postSolution
		{C0D3EBFE-6242-FB22-669A-8F5D697B5C96}.Debug|Any CPU.ActiveCfg = Debug|Any CPU
		{C0D3EBFE-6242-FB22-669A-8F5D697B5C96}.Debug|Any CPU.Build.0 = Debug|Any CPU
		{C0D3EBFE-6242-FB22-669A-8F5D697B5C96}.Release|Any CPU.ActiveCfg = Release|Any CPU
		{C0D3EBFE-6242-FB22-669A-8F5D697B5C96}.Release|Any CPU.Build.0 = Release|Any CPU
	EndGlobalSection
	GlobalSection(SolutionProperties) = preSolution
		HideSolutionNode = FALSE
	EndGlobalSection
	GlobalSection(ExtensibilityGlobals) = postSolution
		SolutionGuid = {4510FE30-284D-4AC3-8CC4-E75B33E72FEA}
	EndGlobalSection
EndGlobal
